
Microsoft Visual Studio Solution File, Format Version 12.00
# Visual Studio Version 17
VisualStudioVersion = 17.0.32112.339
MinimumVisualStudioVersion = 10.0.40219.1
Project("{FAE04EC0-301F-11D3-BF4B-00C04F79EFBC}") = "IBTradingPlatform", "IBTradingPlatform\IBTradingPlatform.csproj", "{CB3487C2-5847-4019-9133-967EE696B047}"
EndProject
Global
	GlobalSection(SolutionConfigurationPlatforms) = preSolution
		Debug|Any CPU = Debug|Any CPU
		Release|Any CPU = Release|Any CPU
	EndGlobalSection
	GlobalSection(ProjectConfigurationPlatforms) = postSolution
		{CB3487C2-5847-4019-9133-967EE696B047}.Debug|Any CPU.ActiveCfg = Debug|Any CPU
		{CB3487C2-5847-4019-9133-967EE696B047}.Debug|Any CPU.Build.0 = Debug|Any CPU
		{CB3487C2-5847-4019-9133-967EE696B047}.Release|Any CPU.ActiveCfg = Release|Any CPU
		{CB3487C2-5847-4019-9133-967EE696B047}.Release|Any CPU.Build.0 = Release|Any CPU
	EndGlobalSection
	GlobalSection(SolutionProperties) = preSolution
		HideSolutionNode = FALSE
	EndGlobalSection
	GlobalSection(ExtensibilityGlobals) = postSolution
		SolutionGuid = {07759C6D-14B3-4B45-ADC7-1371F53E15FF}
	EndGlobalSection
EndGlobal
